
Microsoft Visual Studio Solution File, Format Version 12.00
# Visual Studio Version 17
VisualStudioVersion = 17.10.35027.167
MinimumVisualStudioVersion = 10.0.40219.1
Project("{FAE04EC0-301F-11D3-BF4B-00C04F79EFBC}") = "ConsoleCheckEAN", "ConsoleCheckEAN\ConsoleCheckEAN.csproj", "{045A5634-74FB-4B3E-9F6B-B348F00B3E25}"
EndProject
Global
	GlobalSection(SolutionConfigurationPlatforms) = preSolution
		Debug|Any CPU = Debug|Any CPU
		Release|Any CPU = Release|Any CPU
	EndGlobalSection
	GlobalSection(ProjectConfigurationPlatforms) = postSolution
		{045A5634-74FB-4B3E-9F6B-B348F00B3E25}.Debug|Any CPU.ActiveCfg = Debug|Any CPU
		{045A5634-74FB-4B3E-9F6B-B348F00B3E25}.Debug|Any CPU.Build.0 = Debug|Any CPU
		{045A5634-74FB-4B3E-9F6B-B348F00B3E25}.Release|Any CPU.ActiveCfg = Release|Any CPU
		{045A5634-74FB-4B3E-9F6B-B348F00B3E25}.Release|Any CPU.Build.0 = Release|Any CPU
	EndGlobalSection
	GlobalSection(SolutionProperties) = preSolution
		HideSolutionNode = FALSE
	EndGlobalSection
	GlobalSection(ExtensibilityGlobals) = postSolution
		SolutionGuid = {58FB82A4-0305-468F-B7B1-8897DDA2EEB6}
	EndGlobalSection
EndGlobal
